// !$*UTF8*$!
{
	archiveVersion = 1;
	classes = {
	};
	objectVersion = 56;
	objects = {

/* Begin PBXBuildFile section */
		2593FAEF29A35C5A0092E9E3 /* EvaluationView.swift in Sources */ = {isa = PBXBuildFile; fileRef = 2593FAEE29A35C5A0092E9E3 /* EvaluationView.swift */; };
		2593FAF129A35CE70092E9E3 /* CurriculumView.swift in Sources */ = {isa = PBXBuildFile; fileRef = 2593FAF029A35CE70092E9E3 /* CurriculumView.swift */; };
		2593FAF329A35CF40092E9E3 /* MainView.swift in Sources */ = {isa = PBXBuildFile; fileRef = 2593FAF229A35CF40092E9E3 /* MainView.swift */; };
		2593FAF529A35D0D0092E9E3 /* RootView.swift in Sources */ = {isa = PBXBuildFile; fileRef = 2593FAF429A35D0D0092E9E3 /* RootView.swift */; };
		2593FAF729A35D240092E9E3 /* SettingView.swift in Sources */ = {isa = PBXBuildFile; fileRef = 2593FAF629A35D240092E9E3 /* SettingView.swift */; };
		2593FAF929A361A90092E9E3 /* LoginView.swift in Sources */ = {isa = PBXBuildFile; fileRef = 2593FAF829A361A90092E9E3 /* LoginView.swift */; };
		25C20E2329A0E9C300B92C17 /* PBCApp.swift in Sources */ = {isa = PBXBuildFile; fileRef = 25C20E2229A0E9C300B92C17 /* PBCApp.swift */; };
		25C20E2529A0E9C300B92C17 /* ContentView.swift in Sources */ = {isa = PBXBuildFile; fileRef = 25C20E2429A0E9C300B92C17 /* ContentView.swift */; };
		25C20E2729A0E9C400B92C17 /* Assets.xcassets in Resources */ = {isa = PBXBuildFile; fileRef = 25C20E2629A0E9C400B92C17 /* Assets.xcassets */; };
		25C20E2A29A0E9C400B92C17 /* Preview Assets.xcassets in Resources */ = {isa = PBXBuildFile; fileRef = 25C20E2929A0E9C400B92C17 /* Preview Assets.xcassets */; };
		25C20E3429A0E9C400B92C17 /* PBCTests.swift in Sources */ = {isa = PBXBuildFile; fileRef = 25C20E3329A0E9C400B92C17 /* PBCTests.swift */; };
		25C20E3E29A0E9C400B92C17 /* PBCUITests.swift in Sources */ = {isa = PBXBuildFile; fileRef = 25C20E3D29A0E9C400B92C17 /* PBCUITests.swift */; };
		25C20E4029A0E9C400B92C17 /* PBCUITestsLaunchTests.swift in Sources */ = {isa = PBXBuildFile; fileRef = 25C20E3F29A0E9C400B92C17 /* PBCUITestsLaunchTests.swift */; };
		25C20E4D29A0E9DC00B92C17 /* TabbarView.swift in Sources */ = {isa = PBXBuildFile; fileRef = 25C20E4C29A0E9DC00B92C17 /* TabbarView.swift */; };
		25C20E5329A0FFAF00B92C17 /* Find_UserData.swift in Sources */ = {isa = PBXBuildFile; fileRef = 25C20E5229A0FFAF00B92C17 /* Find_UserData.swift */; };
		25C20E5529A107CC00B92C17 /* Signup.swift in Sources */ = {isa = PBXBuildFile; fileRef = 25C20E5429A107CC00B92C17 /* Signup.swift */; };
/* End PBXBuildFile section */

/* Begin PBXContainerItemProxy section */
		25C20E3029A0E9C400B92C17 /* PBXContainerItemProxy */ = {
			isa = PBXContainerItemProxy;
			containerPortal = 25C20E1729A0E9C300B92C17 /* Project object */;
			proxyType = 1;
			remoteGlobalIDString = 25C20E1E29A0E9C300B92C17;
			remoteInfo = PBC;
		};
		25C20E3A29A0E9C400B92C17 /* PBXContainerItemProxy */ = {
			isa = PBXContainerItemProxy;
			containerPortal = 25C20E1729A0E9C300B92C17 /* Project object */;
			proxyType = 1;
			remoteGlobalIDString = 25C20E1E29A0E9C300B92C17;
			remoteInfo = PBC;
		};
/* End PBXContainerItemProxy section */

/* Begin PBXFileReference section */
		2593FAEE29A35C5A0092E9E3 /* EvaluationView.swift */ = {isa = PBXFileReference; lastKnownFileType = sourcecode.swift; path = EvaluationView.swift; sourceTree = "<group>"; };
		2593FAF029A35CE70092E9E3 /* CurriculumView.swift */ = {isa = PBXFileReference; lastKnownFileType = sourcecode.swift; path = CurriculumView.swift; sourceTree = "<group>"; };
		2593FAF229A35CF40092E9E3 /* MainView.swift */ = {isa = PBXFileReference; lastKnownFileType = sourcecode.swift; path = MainView.swift; sourceTree = "<group>"; };
		2593FAF429A35D0D0092E9E3 /* RootView.swift */ = {isa = PBXFileReference; lastKnownFileType = sourcecode.swift; path = RootView.swift; sourceTree = "<group>"; };
		2593FAF629A35D240092E9E3 /* SettingView.swift */ = {isa = PBXFileReference; lastKnownFileType = sourcecode.swift; path = SettingView.swift; sourceTree = "<group>"; };
		2593FAF829A361A90092E9E3 /* LoginView.swift */ = {isa = PBXFileReference; lastKnownFileType = sourcecode.swift; path = LoginView.swift; sourceTree = "<group>"; };
		25C20E1F29A0E9C300B92C17 /* PBC.app */ = {isa = PBXFileReference; explicitFileType = wrapper.application; includeInIndex = 0; path = PBC.app; sourceTree = BUILT_PRODUCTS_DIR; };
		25C20E2229A0E9C300B92C17 /* PBCApp.swift */ = {isa = PBXFileReference; lastKnownFileType = sourcecode.swift; path = PBCApp.swift; sourceTree = "<group>"; };
		25C20E2429A0E9C300B92C17 /* ContentView.swift */ = {isa = PBXFileReference; lastKnownFileType = sourcecode.swift; path = ContentView.swift; sourceTree = "<group>"; };
		25C20E2629A0E9C400B92C17 /* Assets.xcassets */ = {isa = PBXFileReference; lastKnownFileType = folder.assetcatalog; path = Assets.xcassets; sourceTree = "<group>"; };
		25C20E2929A0E9C400B92C17 /* Preview Assets.xcassets */ = {isa = PBXFileReference; lastKnownFileType = folder.assetcatalog; path = "Preview Assets.xcassets"; sourceTree = "<group>"; };
		25C20E2F29A0E9C400B92C17 /* PBCTests.xctest */ = {isa = PBXFileReference; explicitFileType = wrapper.cfbundle; includeInIndex = 0; path = PBCTests.xctest; sourceTree = BUILT_PRODUCTS_DIR; };
		25C20E3329A0E9C400B92C17 /* PBCTests.swift */ = {isa = PBXFileReference; lastKnownFileType = sourcecode.swift; path = PBCTests.swift; sourceTree = "<group>"; };
		25C20E3929A0E9C400B92C17 /* PBCUITests.xctest */ = {isa = PBXFileReference; explicitFileType = wrapper.cfbundle; includeInIndex = 0; path = PBCUITests.xctest; sourceTree = BUILT_PRODUCTS_DIR; };
		25C20E3D29A0E9C400B92C17 /* PBCUITests.swift */ = {isa = PBXFileReference; lastKnownFileType = sourcecode.swift; path = PBCUITests.swift; sourceTree = "<group>"; };
		25C20E3F29A0E9C400B92C17 /* PBCUITestsLaunchTests.swift */ = {isa = PBXFileReference; lastKnownFileType = sourcecode.swift; path = PBCUITestsLaunchTests.swift; sourceTree = "<group>"; };
		25C20E4C29A0E9DC00B92C17 /* TabbarView.swift */ = {isa = PBXFileReference; lastKnownFileType = sourcecode.swift; path = TabbarView.swift; sourceTree = "<group>"; };
		25C20E5229A0FFAF00B92C17 /* Find_UserData.swift */ = {isa = PBXFileReference; lastKnownFileType = sourcecode.swift; path = Find_UserData.swift; sourceTree = "<group>"; };
		25C20E5429A107CC00B92C17 /* Signup.swift */ = {isa = PBXFileReference; lastKnownFileType = sourcecode.swift; path = Signup.swift; sourceTree = "<group>"; };
/* End PBXFileReference section */

/* Begin PBXFrameworksBuildPhase section */
		25C20E1C29A0E9C300B92C17 /* Frameworks */ = {
			isa = PBXFrameworksBuildPhase;
			buildActionMask = 2147483647;
			files = (
			);
			runOnlyForDeploymentPostprocessing = 0;
		};
		25C20E2C29A0E9C400B92C17 /* Frameworks */ = {
			isa = PBXFrameworksBuildPhase;
			buildActionMask = 2147483647;
			files = (
			);
			runOnlyForDeploymentPostprocessing = 0;
		};
		25C20E3629A0E9C400B92C17 /* Frameworks */ = {
			isa = PBXFrameworksBuildPhase;
			buildActionMask = 2147483647;
			files = (
			);
			runOnlyForDeploymentPostprocessing = 0;
		};
/* End PBXFrameworksBuildPhase section */

/* Begin PBXGroup section */
		25C20E1629A0E9C300B92C17 = {
			isa = PBXGroup;
			children = (
				25C20E2129A0E9C300B92C17 /* PBC */,
				25C20E3229A0E9C400B92C17 /* PBCTests */,
				25C20E3C29A0E9C400B92C17 /* PBCUITests */,
				25C20E2029A0E9C300B92C17 /* Products */,
			);
			sourceTree = "<group>";
		};
		25C20E2029A0E9C300B92C17 /* Products */ = {
			isa = PBXGroup;
			children = (
				25C20E1F29A0E9C300B92C17 /* PBC.app */,
				25C20E2F29A0E9C400B92C17 /* PBCTests.xctest */,
				25C20E3929A0E9C400B92C17 /* PBCUITests.xctest */,
			);
			name = Products;
			sourceTree = "<group>";
		};
		25C20E2129A0E9C300B92C17 /* PBC */ = {
			isa = PBXGroup;
			children = (
				25C20E2229A0E9C300B92C17 /* PBCApp.swift */,
				25C20E2429A0E9C300B92C17 /* ContentView.swift */,
				25C20E4C29A0E9DC00B92C17 /* TabbarView.swift */,
				2593FAF829A361A90092E9E3 /* LoginView.swift */,
				25C20E5429A107CC00B92C17 /* Signup.swift */,
				25C20E5229A0FFAF00B92C17 /* Find_UserData.swift */,
				2593FAEE29A35C5A0092E9E3 /* EvaluationView.swift */,
				2593FAF029A35CE70092E9E3 /* CurriculumView.swift */,
				2593FAF229A35CF40092E9E3 /* MainView.swift */,
				2593FAF429A35D0D0092E9E3 /* RootView.swift */,
				2593FAF629A35D240092E9E3 /* SettingView.swift */,
				25C20E2629A0E9C400B92C17 /* Assets.xcassets */,
				25C20E2829A0E9C400B92C17 /* Preview Content */,
			);
			path = PBC;
			sourceTree = "<group>";
		};
		25C20E2829A0E9C400B92C17 /* Preview Content */ = {
			isa = PBXGroup;
			children = (
				25C20E2929A0E9C400B92C17 /* Preview Assets.xcassets */,
			);
			path = "Preview Content";
			sourceTree = "<group>";
		};
		25C20E3229A0E9C400B92C17 /* PBCTests */ = {
			isa = PBXGroup;
			children = (
				25C20E3329A0E9C400B92C17 /* PBCTests.swift */,
			);
			path = PBCTests;
			sourceTree = "<group>";
		};
		25C20E3C29A0E9C400B92C17 /* PBCUITests */ = {
			isa = PBXGroup;
			children = (
				25C20E3D29A0E9C400B92C17 /* PBCUITests.swift */,
				25C20E3F29A0E9C400B92C17 /* PBCUITestsLaunchTests.swift */,
			);
			path = PBCUITests;
			sourceTree = "<group>";
		};
/* End PBXGroup section */

/* Begin PBXNativeTarget section */
		25C20E1E29A0E9C300B92C17 /* PBC */ = {
			isa = PBXNativeTarget;
			buildConfigurationList = 25C20E4329A0E9C400B92C17 /* Build configuration list for PBXNativeTarget "PBC" */;
			buildPhases = (
				25C20E1B29A0E9C300B92C17 /* Sources */,
				25C20E1C29A0E9C300B92C17 /* Frameworks */,
				25C20E1D29A0E9C300B92C17 /* Resources */,
			);
			buildRules = (
			);
			dependencies = (
			);
			name = PBC;
			productName = PBC;
			productReference = 25C20E1F29A0E9C300B92C17 /* PBC.app */;
			productType = "com.apple.product-type.application";
		};
		25C20E2E29A0E9C400B92C17 /* PBCTests */ = {
			isa = PBXNativeTarget;
			buildConfigurationList = 25C20E4629A0E9C400B92C17 /* Build configuration list for PBXNativeTarget "PBCTests" */;
			buildPhases = (
				25C20E2B29A0E9C400B92C17 /* Sources */,
				25C20E2C29A0E9C400B92C17 /* Frameworks */,
				25C20E2D29A0E9C400B92C17 /* Resources */,
			);
			buildRules = (
			);
			dependencies = (
				25C20E3129A0E9C400B92C17 /* PBXTargetDependency */,
			);
			name = PBCTests;
			productName = PBCTests;
			productReference = 25C20E2F29A0E9C400B92C17 /* PBCTests.xctest */;
			productType = "com.apple.product-type.bundle.unit-test";
		};
		25C20E3829A0E9C400B92C17 /* PBCUITests */ = {
			isa = PBXNativeTarget;
			buildConfigurationList = 25C20E4929A0E9C400B92C17 /* Build configuration list for PBXNativeTarget "PBCUITests" */;
			buildPhases = (
				25C20E3529A0E9C400B92C17 /* Sources */,
				25C20E3629A0E9C400B92C17 /* Frameworks */,
				25C20E3729A0E9C400B92C17 /* Resources */,
			);
			buildRules = (
			);
			dependencies = (
				25C20E3B29A0E9C400B92C17 /* PBXTargetDependency */,
			);
			name = PBCUITests;
			productName = PBCUITests;
			productReference = 25C20E3929A0E9C400B92C17 /* PBCUITests.xctest */;
			productType = "com.apple.product-type.bundle.ui-testing";
		};
/* End PBXNativeTarget section */

/* Begin PBXProject section */
		25C20E1729A0E9C300B92C17 /* Project object */ = {
			isa = PBXProject;
			attributes = {
				BuildIndependentTargetsInParallel = 1;
				LastSwiftUpdateCheck = 1420;
				LastUpgradeCheck = 1420;
				TargetAttributes = {
					25C20E1E29A0E9C300B92C17 = {
						CreatedOnToolsVersion = 14.2;
					};
					25C20E2E29A0E9C400B92C17 = {
						CreatedOnToolsVersion = 14.2;
						TestTargetID = 25C20E1E29A0E9C300B92C17;
					};
					25C20E3829A0E9C400B92C17 = {
						CreatedOnToolsVersion = 14.2;
						TestTargetID = 25C20E1E29A0E9C300B92C17;
					};
				};
			};
			buildConfigurationList = 25C20E1A29A0E9C300B92C17 /* Build configuration list for PBXProject "PBC" */;
			compatibilityVersion = "Xcode 14.0";
			developmentRegion = en;
			hasScannedForEncodings = 0;
			knownRegions = (
				en,
				Base,
			);
			mainGroup = 25C20E1629A0E9C300B92C17;
			productRefGroup = 25C20E2029A0E9C300B92C17 /* Products */;
			projectDirPath = "";
			projectRoot = "";
			targets = (
				25C20E1E29A0E9C300B92C17 /* PBC */,
				25C20E2E29A0E9C400B92C17 /* PBCTests */,
				25C20E3829A0E9C400B92C17 /* PBCUITests */,
			);
		};
/* End PBXProject section */

/* Begin PBXResourcesBuildPhase section */
		25C20E1D29A0E9C300B92C17 /* Resources */ = {
			isa = PBXResourcesBuildPhase;
			buildActionMask = 2147483647;
			files = (
				25C20E2A29A0E9C400B92C17 /* Preview Assets.xcassets in Resources */,
				25C20E2729A0E9C400B92C17 /* Assets.xcassets in Resources */,
			);
			runOnlyForDeploymentPostprocessing = 0;
		};
		25C20E2D29A0E9C400B92C17 /* Resources */ = {
			isa = PBXResourcesBuildPhase;
			buildActionMask = 2147483647;
			files = (
			);
			runOnlyForDeploymentPostprocessing = 0;
		};
		25C20E3729A0E9C400B92C17 /* Resources */ = {
			isa = PBXResourcesBuildPhase;
			buildActionMask = 2147483647;
			files = (
			);
			runOnlyForDeploymentPostprocessing = 0;
		};
/* End PBXResourcesBuildPhase section */

/* Begin PBXSourcesBuildPhase section */
		25C20E1B29A0E9C300B92C17 /* Sources */ = {
			isa = PBXSourcesBuildPhase;
			buildActionMask = 2147483647;
			files = (
				2593FAF129A35CE70092E9E3 /* CurriculumView.swift in Sources */,
				2593FAF729A35D240092E9E3 /* SettingView.swift in Sources */,
				2593FAF329A35CF40092E9E3 /* MainView.swift in Sources */,
				25C20E4D29A0E9DC00B92C17 /* TabbarView.swift in Sources */,
				25C20E5529A107CC00B92C17 /* Signup.swift in Sources */,
				2593FAEF29A35C5A0092E9E3 /* EvaluationView.swift in Sources */,
				2593FAF529A35D0D0092E9E3 /* RootView.swift in Sources */,
				25C20E2529A0E9C300B92C17 /* ContentView.swift in Sources */,
				2593FAF929A361A90092E9E3 /* LoginView.swift in Sources */,
				25C20E2329A0E9C300B92C17 /* PBCApp.swift in Sources */,
				25C20E5329A0FFAF00B92C17 /* Find_UserData.swift in Sources */,
			);
			runOnlyForDeploymentPostprocessing = 0;
		};
		25C20E2B29A0E9C400B92C17 /* Sources */ = {
			isa = PBXSourcesBuildPhase;
			buildActionMask = 2147483647;
			files = (
				25C20E3429A0E9C400B92C17 /* PBCTests.swift in Sources */,
			);
			runOnlyForDeploymentPostprocessing = 0;
		};
		25C20E3529A0E9C400B92C17 /* Sources */ = {
			isa = PBXSourcesBuildPhase;
			buildActionMask = 2147483647;
			files = (
				25C20E4029A0E9C400B92C17 /* PBCUITestsLaunchTests.swift in Sources */,
				25C20E3E29A0E9C400B92C17 /* PBCUITests.swift in Sources */,
			);
			runOnlyForDeploymentPostprocessing = 0;
		};
/* End PBXSourcesBuildPhase section */

/* Begin PBXTargetDependency section */
		25C20E3129A0E9C400B92C17 /* PBXTargetDependency */ = {
			isa = PBXTargetDependency;
			target = 25C20E1E29A0E9C300B92C17 /* PBC */;
			targetProxy = 25C20E3029A0E9C400B92C17 /* PBXContainerItemProxy */;
		};
		25C20E3B29A0E9C400B92C17 /* PBXTargetDependency */ = {
			isa = PBXTargetDependency;
			target = 25C20E1E29A0E9C300B92C17 /* PBC */;
			targetProxy = 25C20E3A29A0E9C400B92C17 /* PBXContainerItemProxy */;
		};
/* End PBXTargetDependency section */

/* Begin XCBuildConfiguration section */
		25C20E4129A0E9C400B92C17 /* Debug */ = {
			isa = XCBuildConfiguration;
			buildSettings = {
				ALWAYS_SEARCH_USER_PATHS = NO;
				CLANG_ANALYZER_NONNULL = YES;
				CLANG_ANALYZER_NUMBER_OBJECT_CONVERSION = YES_AGGRESSIVE;
				CLANG_CXX_LANGUAGE_STANDARD = "gnu++20";
				CLANG_ENABLE_MODULES = YES;
				CLANG_ENABLE_OBJC_ARC = YES;
				CLANG_ENABLE_OBJC_WEAK = YES;
				CLANG_WARN_BLOCK_CAPTURE_AUTORELEASING = YES;
				CLANG_WARN_BOOL_CONVERSION = YES;
				CLANG_WARN_COMMA = YES;
				CLANG_WARN_CONSTANT_CONVERSION = YES;
				CLANG_WARN_DEPRECATED_OBJC_IMPLEMENTATIONS = YES;
				CLANG_WARN_DIRECT_OBJC_ISA_USAGE = YES_ERROR;
				CLANG_WARN_DOCUMENTATION_COMMENTS = YES;
				CLANG_WARN_EMPTY_BODY = YES;
				CLANG_WARN_ENUM_CONVERSION = YES;
				CLANG_WARN_INFINITE_RECURSION = YES;
				CLANG_WARN_INT_CONVERSION = YES;
				CLANG_WARN_NON_LITERAL_NULL_CONVERSION = YES;
				CLANG_WARN_OBJC_IMPLICIT_RETAIN_SELF = YES;
				CLANG_WARN_OBJC_LITERAL_CONVERSION = YES;
				CLANG_WARN_OBJC_ROOT_CLASS = YES_ERROR;
				CLANG_WARN_QUOTED_INCLUDE_IN_FRAMEWORK_HEADER = YES;
				CLANG_WARN_RANGE_LOOP_ANALYSIS = YES;
				CLANG_WARN_STRICT_PROTOTYPES = YES;
				CLANG_WARN_SUSPICIOUS_MOVE = YES;
				CLANG_WARN_UNGUARDED_AVAILABILITY = YES_AGGRESSIVE;
				CLANG_WARN_UNREACHABLE_CODE = YES;
				CLANG_WARN__DUPLICATE_METHOD_MATCH = YES;
				COPY_PHASE_STRIP = NO;
				DEBUG_INFORMATION_FORMAT = dwarf;
				ENABLE_STRICT_OBJC_MSGSEND = YES;
				ENABLE_TESTABILITY = YES;
				GCC_C_LANGUAGE_STANDARD = gnu11;
				GCC_DYNAMIC_NO_PIC = NO;
				GCC_NO_COMMON_BLOCKS = YES;
				GCC_OPTIMIZATION_LEVEL = 0;
				GCC_PREPROCESSOR_DEFINITIONS = (
					"DEBUG=1",
					"$(inherited)",
				);
				GCC_WARN_64_TO_32_BIT_CONVERSION = YES;
				GCC_WARN_ABOUT_RETURN_TYPE = YES_ERROR;
				GCC_WARN_UNDECLARED_SELECTOR = YES;
				GCC_WARN_UNINITIALIZED_AUTOS = YES_AGGRESSIVE;
				GCC_WARN_UNUSED_FUNCTION = YES;
				GCC_WARN_UNUSED_VARIABLE = YES;
				IPHONEOS_DEPLOYMENT_TARGET = 16.2;
				MTL_ENABLE_DEBUG_INFO = INCLUDE_SOURCE;
				MTL_FAST_MATH = YES;
				ONLY_ACTIVE_ARCH = YES;
				SDKROOT = iphoneos;
				SWIFT_ACTIVE_COMPILATION_CONDITIONS = DEBUG;
				SWIFT_OPTIMIZATION_LEVEL = "-Onone";
			};
			name = Debug;
		};
		25C20E4229A0E9C400B92C17 /* Release */ = {
			isa = XCBuildConfiguration;
			buildSettings = {
				ALWAYS_SEARCH_USER_PATHS = NO;
				CLANG_ANALYZER_NONNULL = YES;
				CLANG_ANALYZER_NUMBER_OBJECT_CONVERSION = YES_AGGRESSIVE;
				CLANG_CXX_LANGUAGE_STANDARD = "gnu++20";
				CLANG_ENABLE_MODULES = YES;
				CLANG_ENABLE_OBJC_ARC = YES;
				CLANG_ENABLE_OBJC_WEAK = YES;
				CLANG_WARN_BLOCK_CAPTURE_AUTORELEASING = YES;
				CLANG_WARN_BOOL_CONVERSION = YES;
				CLANG_WARN_COMMA = YES;
				CLANG_WARN_CONSTANT_CONVERSION = YES;
				CLANG_WARN_DEPRECATED_OBJC_IMPLEMENTATIONS = YES;
				CLANG_WARN_DIRECT_OBJC_ISA_USAGE = YES_ERROR;
				CLANG_WARN_DOCUMENTATION_COMMENTS = YES;
				CLANG_WARN_EMPTY_BODY = YES;
				CLANG_WARN_ENUM_CONVERSION = YES;
				CLANG_WARN_INFINITE_RECURSION = YES;
				CLANG_WARN_INT_CONVERSION = YES;
				CLANG_WARN_NON_LITERAL_NULL_CONVERSION = YES;
				CLANG_WARN_OBJC_IMPLICIT_RETAIN_SELF = YES;
				CLANG_WARN_OBJC_LITERAL_CONVERSION = YES;
				CLANG_WARN_OBJC_ROOT_CLASS = YES_ERROR;
				CLANG_WARN_QUOTED_INCLUDE_IN_FRAMEWORK_HEADER = YES;
				CLANG_WARN_RANGE_LOOP_ANALYSIS = YES;
				CLANG_WARN_STRICT_PROTOTYPES = YES;
				CLANG_WARN_SUSPICIOUS_MOVE = YES;
				CLANG_WARN_UNGUARDED_AVAILABILITY = YES_AGGRESSIVE;
				CLANG_WARN_UNREACHABLE_CODE = YES;
				CLANG_WARN__DUPLICATE_METHOD_MATCH = YES;
				COPY_PHASE_STRIP = NO;
				DEBUG_INFORMATION_FORMAT = "dwarf-with-dsym";
				ENABLE_NS_ASSERTIONS = NO;
				ENABLE_STRICT_OBJC_MSGSEND = YES;
				GCC_C_LANGUAGE_STANDARD = gnu11;
				GCC_NO_COMMON_BLOCKS = YES;
				GCC_WARN_64_TO_32_BIT_CONVERSION = YES;
				GCC_WARN_ABOUT_RETURN_TYPE = YES_ERROR;
				GCC_WARN_UNDECLARED_SELECTOR = YES;
				GCC_WARN_UNINITIALIZED_AUTOS = YES_AGGRESSIVE;
				GCC_WARN_UNUSED_FUNCTION = YES;
				GCC_WARN_UNUSED_VARIABLE = YES;
				IPHONEOS_DEPLOYMENT_TARGET = 16.2;
				MTL_ENABLE_DEBUG_INFO = NO;
				MTL_FAST_MATH = YES;
				SDKROOT = iphoneos;
				SWIFT_COMPILATION_MODE = wholemodule;
				SWIFT_OPTIMIZATION_LEVEL = "-O";
				VALIDATE_PRODUCT = YES;
			};
			name = Release;
		};
		25C20E4429A0E9C400B92C17 /* Debug */ = {
			isa = XCBuildConfiguration;
			buildSettings = {
				ASSETCATALOG_COMPILER_APPICON_NAME = AppIcon;
				ASSETCATALOG_COMPILER_GLOBAL_ACCENT_COLOR_NAME = AccentColor;
				CODE_SIGN_STYLE = Automatic;
				CURRENT_PROJECT_VERSION = 1;
				DEVELOPMENT_ASSET_PATHS = "\"PBC/Preview Content\"";
				ENABLE_PREVIEWS = YES;
				GENERATE_INFOPLIST_FILE = YES;
				INFOPLIST_KEY_UIApplicationSceneManifest_Generation = YES;
				INFOPLIST_KEY_UIApplicationSupportsIndirectInputEvents = YES;
				INFOPLIST_KEY_UILaunchScreen_Generation = YES;
				INFOPLIST_KEY_UISupportedInterfaceOrientations_iPad = "UIInterfaceOrientationPortrait UIInterfaceOrientationPortraitUpsideDown UIInterfaceOrientationLandscapeLeft UIInterfaceOrientationLandscapeRight";
				INFOPLIST_KEY_UISupportedInterfaceOrientations_iPhone = "UIInterfaceOrientationPortrait UIInterfaceOrientationLandscapeLeft UIInterfaceOrientationLandscapeRight";
				LD_RUNPATH_SEARCH_PATHS = (
					"$(inherited)",
					"@executable_path/Frameworks",
				);
				MARKETING_VERSION = 1.0;
				PRODUCT_BUNDLE_IDENTIFIER = mpc.PBC;
				PRODUCT_NAME = "$(TARGET_NAME)";
				SWIFT_EMIT_LOC_STRINGS = YES;
				SWIFT_VERSION = 5.0;
				TARGETED_DEVICE_FAMILY = "1,2";
			};
			name = Debug;
		};
		25C20E4529A0E9C400B92C17 /* Release */ = {
			isa = XCBuildConfiguration;
			buildSettings = {
				ASSETCATALOG_COMPILER_APPICON_NAME = AppIcon;
				ASSETCATALOG_COMPILER_GLOBAL_ACCENT_COLOR_NAME = AccentColor;
				CODE_SIGN_STYLE = Automatic;
				CURRENT_PROJECT_VERSION = 1;
				DEVELOPMENT_ASSET_PATHS = "\"PBC/Preview Content\"";
				ENABLE_PREVIEWS = YES;
				GENERATE_INFOPLIST_FILE = YES;
				INFOPLIST_KEY_UIApplicationSceneManifest_Generation = YES;
				INFOPLIST_KEY_UIApplicationSupportsIndirectInputEvents = YES;
				INFOPLIST_KEY_UILaunchScreen_Generation = YES;
				INFOPLIST_KEY_UISupportedInterfaceOrientations_iPad = "UIInterfaceOrientationPortrait UIInterfaceOrientationPortraitUpsideDown UIInterfaceOrientationLandscapeLeft UIInterfaceOrientationLandscapeRight";
				INFOPLIST_KEY_UISupportedInterfaceOrientations_iPhone = "UIInterfaceOrientationPortrait UIInterfaceOrientationLandscapeLeft UIInterfaceOrientationLandscapeRight";
				LD_RUNPATH_SEARCH_PATHS = (
					"$(inherited)",
					"@executable_path/Frameworks",
				);
				MARKETING_VERSION = 1.0;
				PRODUCT_BUNDLE_IDENTIFIER = mpc.PBC;
				PRODUCT_NAME = "$(TARGET_NAME)";
				SWIFT_EMIT_LOC_STRINGS = YES;
				SWIFT_VERSION = 5.0;
				TARGETED_DEVICE_FAMILY = "1,2";
			};
			name = Release;
		};
		25C20E4729A0E9C400B92C17 /* Debug */ = {
			isa = XCBuildConfiguration;
			buildSettings = {
				ALWAYS_EMBED_SWIFT_STANDARD_LIBRARIES = YES;
				BUNDLE_LOADER = "$(TEST_HOST)";
				CODE_SIGN_STYLE = Automatic;
				CURRENT_PROJECT_VERSION = 1;
				GENERATE_INFOPLIST_FILE = YES;
				IPHONEOS_DEPLOYMENT_TARGET = 16.2;
				MARKETING_VERSION = 1.0;
				PRODUCT_BUNDLE_IDENTIFIER = mpc.PBCTests;
				PRODUCT_NAME = "$(TARGET_NAME)";
				SWIFT_EMIT_LOC_STRINGS = NO;
				SWIFT_VERSION = 5.0;
				TARGETED_DEVICE_FAMILY = "1,2";
				TEST_HOST = "$(BUILT_PRODUCTS_DIR)/PBC.app/$(BUNDLE_EXECUTABLE_FOLDER_PATH)/PBC";
			};
			name = Debug;
		};
		25C20E4829A0E9C400B92C17 /* Release */ = {
			isa = XCBuildConfiguration;
			buildSettings = {
				ALWAYS_EMBED_SWIFT_STANDARD_LIBRARIES = YES;
				BUNDLE_LOADER = "$(TEST_HOST)";
				CODE_SIGN_STYLE = Automatic;
				CURRENT_PROJECT_VERSION = 1;
				GENERATE_INFOPLIST_FILE = YES;
				IPHONEOS_DEPLOYMENT_TARGET = 16.2;
				MARKETING_VERSION = 1.0;
				PRODUCT_BUNDLE_IDENTIFIER = mpc.PBCTests;
				PRODUCT_NAME = "$(TARGET_NAME)";
				SWIFT_EMIT_LOC_STRINGS = NO;
				SWIFT_VERSION = 5.0;
				TARGETED_DEVICE_FAMILY = "1,2";
				TEST_HOST = "$(BUILT_PRODUCTS_DIR)/PBC.app/$(BUNDLE_EXECUTABLE_FOLDER_PATH)/PBC";
			};
			name = Release;
		};
		25C20E4A29A0E9C400B92C17 /* Debug */ = {
			isa = XCBuildConfiguration;
			buildSettings = {
				ALWAYS_EMBED_SWIFT_STANDARD_LIBRARIES = YES;
				CODE_SIGN_STYLE = Automatic;
				CURRENT_PROJECT_VERSION = 1;
				GENERATE_INFOPLIST_FILE = YES;
				MARKETING_VERSION = 1.0;
				PRODUCT_BUNDLE_IDENTIFIER = mpc.PBCUITests;
				PRODUCT_NAME = "$(TARGET_NAME)";
				SWIFT_EMIT_LOC_STRINGS = NO;
				SWIFT_VERSION = 5.0;
				TARGETED_DEVICE_FAMILY = "1,2";
				TEST_TARGET_NAME = PBC;
			};
			name = Debug;
		};
		25C20E4B29A0E9C400B92C17 /* Release */ = {
			isa = XCBuildConfiguration;
			buildSettings = {
				ALWAYS_EMBED_SWIFT_STANDARD_LIBRARIES = YES;
				CODE_SIGN_STYLE = Automatic;
				CURRENT_PROJECT_VERSION = 1;
				GENERATE_INFOPLIST_FILE = YES;
				MARKETING_VERSION = 1.0;
				PRODUCT_BUNDLE_IDENTIFIER = mpc.PBCUITests;
				PRODUCT_NAME = "$(TARGET_NAME)";
				SWIFT_EMIT_LOC_STRINGS = NO;
				SWIFT_VERSION = 5.0;
				TARGETED_DEVICE_FAMILY = "1,2";
				TEST_TARGET_NAME = PBC;
			};
			name = Release;
		};
/* End XCBuildConfiguration section */

/* Begin XCConfigurationList section */
		25C20E1A29A0E9C300B92C17 /* Build configuration list for PBXProject "PBC" */ = {
			isa = XCConfigurationList;
			buildConfigurations = (
				25C20E4129A0E9C400B92C17 /* Debug */,
				25C20E4229A0E9C400B92C17 /* Release */,
			);
			defaultConfigurationIsVisible = 0;
			defaultConfigurationName = Release;
		};
		25C20E4329A0E9C400B92C17 /* Build configuration list for PBXNativeTarget "PBC" */ = {
			isa = XCConfigurationList;
			buildConfigurations = (
				25C20E4429A0E9C400B92C17 /* Debug */,
				25C20E4529A0E9C400B92C17 /* Release */,
			);
			defaultConfigurationIsVisible = 0;
			defaultConfigurationName = Release;
		};
		25C20E4629A0E9C400B92C17 /* Build configuration list for PBXNativeTarget "PBCTests" */ = {
			isa = XCConfigurationList;
			buildConfigurations = (
				25C20E4729A0E9C400B92C17 /* Debug */,
				25C20E4829A0E9C400B92C17 /* Release */,
			);
			defaultConfigurationIsVisible = 0;
			defaultConfigurationName = Release;
		};
		25C20E4929A0E9C400B92C17 /* Build configuration list for PBXNativeTarget "PBCUITests" */ = {
			isa = XCConfigurationList;
			buildConfigurations = (
				25C20E4A29A0E9C400B92C17 /* Debug */,
				25C20E4B29A0E9C400B92C17 /* Release */,
			);
			defaultConfigurationIsVisible = 0;
			defaultConfigurationName = Release;
		};
/* End XCConfigurationList section */
	};
	rootObject = 25C20E1729A0E9C300B92C17 /* Project object */;
}
